// !$*UTF8*$!
{
	archiveVersion = 1;
	classes = {
	};
	objectVersion = 46;
	objects = {

/* Begin PBXBuildFile section */
		9A2F10E01DD6EA670055B862 /* AppDelegate.swift in Sources */ = {isa = PBXBuildFile; fileRef = 9A2F10DF1DD6EA670055B862 /* AppDelegate.swift */; };
		9A2F10E21DD6EA670055B862 /* ViewController.swift in Sources */ = {isa = PBXBuildFile; fileRef = 9A2F10E11DD6EA670055B862 /* ViewController.swift */; };
		9A2F10E51DD6EA670055B862 /* Main.storyboard in Resources */ = {isa = PBXBuildFile; fileRef = 9A2F10E31DD6EA670055B862 /* Main.storyboard */; };
		9A2F10E71DD6EA670055B862 /* Assets.xcassets in Resources */ = {isa = PBXBuildFile; fileRef = 9A2F10E61DD6EA670055B862 /* Assets.xcassets */; };
		9A2F10EA1DD6EA670055B862 /* LaunchScreen.storyboard in Resources */ = {isa = PBXBuildFile; fileRef = 9A2F10E81DD6EA670055B862 /* LaunchScreen.storyboard */; };
		CAF891ADC162E375FB0E0CEF /* Pods_SampleChameleonFramework.framework in Frameworks */ = {isa = PBXBuildFile; fileRef = 53DC9ACF5CFA5A2285E89AB4 /* Pods_SampleChameleonFramework.framework */; };
/* End PBXBuildFile section */

/* Begin PBXFileReference section */
		53DC9ACF5CFA5A2285E89AB4 /* Pods_SampleChameleonFramework.framework */ = {isa = PBXFileReference; explicitFileType = wrapper.framework; includeInIndex = 0; path = Pods_SampleChameleonFramework.framework; sourceTree = BUILT_PRODUCTS_DIR; };
		7215B034B795265D5821CFAE /* Pods-SampleChameleonFramework.debug.xcconfig */ = {isa = PBXFileReference; includeInIndex = 1; lastKnownFileType = text.xcconfig; name = "Pods-SampleChameleonFramework.debug.xcconfig"; path = "Pods/Target Support Files/Pods-SampleChameleonFramework/Pods-SampleChameleonFramework.debug.xcconfig"; sourceTree = "<group>"; };
		7FF991704281DBD7F3D4CF16 /* Pods-SampleChameleonFramework.release.xcconfig */ = {isa = PBXFileReference; includeInIndex = 1; lastKnownFileType = text.xcconfig; name = "Pods-SampleChameleonFramework.release.xcconfig"; path = "Pods/Target Support Files/Pods-SampleChameleonFramework/Pods-SampleChameleonFramework.release.xcconfig"; sourceTree = "<group>"; };
		9A2F10DC1DD6EA670055B862 /* SampleChameleonFramework.app */ = {isa = PBXFileReference; explicitFileType = wrapper.application; includeInIndex = 0; path = SampleChameleonFramework.app; sourceTree = BUILT_PRODUCTS_DIR; };
		9A2F10DF1DD6EA670055B862 /* AppDelegate.swift */ = {isa = PBXFileReference; lastKnownFileType = sourcecode.swift; path = AppDelegate.swift; sourceTree = "<group>"; };
		9A2F10E11DD6EA670055B862 /* ViewController.swift */ = {isa = PBXFileReference; lastKnownFileType = sourcecode.swift; path = ViewController.swift; sourceTree = "<group>"; };
		9A2F10E41DD6EA670055B862 /* Base */ = {isa = PBXFileReference; lastKnownFileType = file.storyboard; name = Base; path = Base.lproj/Main.storyboard; sourceTree = "<group>"; };
		9A2F10E61DD6EA670055B862 /* Assets.xcassets */ = {isa = PBXFileReference; lastKnownFileType = folder.assetcatalog; path = Assets.xcassets; sourceTree = "<group>"; };
		9A2F10E91DD6EA670055B862 /* Base */ = {isa = PBXFileReference; lastKnownFileType = file.storyboard; name = Base; path = Base.lproj/LaunchScreen.storyboard; sourceTree = "<group>"; };
		9A2F10EB1DD6EA670055B862 /* Info.plist */ = {isa = PBXFileReference; lastKnownFileType = text.plist.xml; path = Info.plist; sourceTree = "<group>"; };
/* End PBXFileReference section */

/* Begin PBXFrameworksBuildPhase section */
		9A2F10D91DD6EA670055B862 /* Frameworks */ = {
			isa = PBXFrameworksBuildPhase;
			buildActionMask = 2147483647;
			files = (
				CAF891ADC162E375FB0E0CEF /* Pods_SampleChameleonFramework.framework in Frameworks */,
			);
			runOnlyForDeploymentPostprocessing = 0;
		};
/* End PBXFrameworksBuildPhase section */

/* Begin PBXGroup section */
		797A8577CB7BA3033A44964B /* Frameworks */ = {
			isa = PBXGroup;
			children = (
				53DC9ACF5CFA5A2285E89AB4 /* Pods_SampleChameleonFramework.framework */,
			);
			name = Frameworks;
			sourceTree = "<group>";
		};
		9A2F10D31DD6EA670055B862 = {
			isa = PBXGroup;
			children = (
				9A2F10DE1DD6EA670055B862 /* SampleChameleonFramework */,
				9A2F10DD1DD6EA670055B862 /* Products */,
				FAF035C3B45ECB05FD8C0A3A /* Pods */,
				797A8577CB7BA3033A44964B /* Frameworks */,
			);
			sourceTree = "<group>";
		};
		9A2F10DD1DD6EA670055B862 /* Products */ = {
			isa = PBXGroup;
			children = (
				9A2F10DC1DD6EA670055B862 /* SampleChameleonFramework.app */,
			);
			name = Products;
			sourceTree = "<group>";
		};
		9A2F10DE1DD6EA670055B862 /* SampleChameleonFramework */ = {
			isa = PBXGroup;
			children = (
				9A2F10DF1DD6EA670055B862 /* AppDelegate.swift */,
				9A2F10E11DD6EA670055B862 /* ViewController.swift */,
				9A2F10E31DD6EA670055B862 /* Main.storyboard */,
				9A2F10E61DD6EA670055B862 /* Assets.xcassets */,
				9A2F10E81DD6EA670055B862 /* LaunchScreen.storyboard */,
				9A2F10EB1DD6EA670055B862 /* Info.plist */,
			);
			path = SampleChameleonFramework;
			sourceTree = "<group>";
		};
		FAF035C3B45ECB05FD8C0A3A /* Pods */ = {
			isa = PBXGroup;
			children = (
				7215B034B795265D5821CFAE /* Pods-SampleChameleonFramework.debug.xcconfig */,
				7FF991704281DBD7F3D4CF16 /* Pods-SampleChameleonFramework.release.xcconfig */,
			);
			name = Pods;
			sourceTree = "<group>";
		};
/* End PBXGroup section */

/* Begin PBXNativeTarget section */
		9A2F10DB1DD6EA670055B862 /* SampleChameleonFramework */ = {
			isa = PBXNativeTarget;
			buildConfigurationList = 9A2F10EE1DD6EA670055B862 /* Build configuration list for PBXNativeTarget "SampleChameleonFramework" */;
			buildPhases = (
				AC7263EBD2F09AD4D28E6DAF /* [CP] Check Pods Manifest.lock */,
				9A2F10D81DD6EA670055B862 /* Sources */,
				9A2F10D91DD6EA670055B862 /* Frameworks */,
				9A2F10DA1DD6EA670055B862 /* Resources */,
				16165883E9AF7F9AC17F661D /* [CP] Embed Pods Frameworks */,
				2C8AB54A3814FE1266BEC909 /* [CP] Copy Pods Resources */,
			);
			buildRules = (
			);
			dependencies = (
			);
			name = SampleChameleonFramework;
			productName = SampleChameleonFramework;
			productReference = 9A2F10DC1DD6EA670055B862 /* SampleChameleonFramework.app */;
			productType = "com.apple.product-type.application";
		};
/* End PBXNativeTarget section */

/* Begin PBXProject section */
		9A2F10D41DD6EA670055B862 /* Project object */ = {
			isa = PBXProject;
			attributes = {
				LastSwiftUpdateCheck = 0810;
				LastUpgradeCheck = 0810;
				ORGANIZATIONNAME = IkkiTakahashi;
				TargetAttributes = {
					9A2F10DB1DD6EA670055B862 = {
						CreatedOnToolsVersion = 8.1;
						DevelopmentTeam = 68682W8R4T;
						ProvisioningStyle = Automatic;
					};
				};
			};
			buildConfigurationList = 9A2F10D71DD6EA670055B862 /* Build configuration list for PBXProject "SampleChameleonFramework" */;
			compatibilityVersion = "Xcode 3.2";
			developmentRegion = English;
			hasScannedForEncodings = 0;
			knownRegions = (
				en,
				Base,
			);
			mainGroup = 9A2F10D31DD6EA670055B862;
			productRefGroup = 9A2F10DD1DD6EA670055B862 /* Products */;
			projectDirPath = "";
			projectRoot = "";
			targets = (
				9A2F10DB1DD6EA670055B862 /* SampleChameleonFramework */,
			);
		};
/* End PBXProject section */

/* Begin PBXResourcesBuildPhase section */
		9A2F10DA1DD6EA670055B862 /* Resources */ = {
			isa = PBXResourcesBuildPhase;
			buildActionMask = 2147483647;
			files = (
				9A2F10EA1DD6EA670055B862 /* LaunchScreen.storyboard in Resources */,
				9A2F10E71DD6EA670055B862 /* Assets.xcassets in Resources */,
				9A2F10E51DD6EA670055B862 /* Main.storyboard in Resources */,
			);
			runOnlyForDeploymentPostprocessing = 0;
		};
/* End PBXResourcesBuildPhase section */

/* Begin PBXShellScriptBuildPhase section */
		16165883E9AF7F9AC17F661D /* [CP] Embed Pods Frameworks */ = {
			isa = PBXShellScriptBuildPhase;
			buildActionMask = 2147483647;
			files = (
			);
			inputPaths = (
			);
			name = "[CP] Embed Pods Frameworks";
			outputPaths = (
			);
			runOnlyForDeploymentPostprocessing = 0;
			shellPath = /bin/sh;
			shellScript = "\"${SRCROOT}/Pods/Target Support Files/Pods-SampleChameleonFramework/Pods-SampleChameleonFramework-frameworks.sh\"\n";
			showEnvVarsInLog = 0;
		};
		2C8AB54A3814FE1266BEC909 /* [CP] Copy Pods Resources */ = {
			isa = PBXShellScriptBuildPhase;
			buildActionMask = 2147483647;
			files = (
			);
			inputPaths = (
			);
			name = "[CP] Copy Pods Resources";
			outputPaths = (
			);
			runOnlyForDeploymentPostprocessing = 0;
			shellPath = /bin/sh;
			shellScript = "\"${SRCROOT}/Pods/Target Support Files/Pods-SampleChameleonFramework/Pods-SampleChameleonFramework-resources.sh\"\n";
			showEnvVarsInLog = 0;
		};
		AC7263EBD2F09AD4D28E6DAF /* [CP] Check Pods Manifest.lock */ = {
			isa = PBXShellScriptBuildPhase;
			buildActionMask = 2147483647;
			files = (
			);
			inputPaths = (
			);
			name = "[CP] Check Pods Manifest.lock";
			outputPaths = (
			);
			runOnlyForDeploymentPostprocessing = 0;
			shellPath = /bin/sh;
			shellScript = "diff \"${PODS_ROOT}/../Podfile.lock\" \"${PODS_ROOT}/Manifest.lock\" > /dev/null\nif [[ $? != 0 ]] ; then\n    cat << EOM\nerror: The sandbox is not in sync with the Podfile.lock. Run 'pod install' or update your CocoaPods installation.\nEOM\n    exit 1\nfi\n";
			showEnvVarsInLog = 0;
		};
/* End PBXShellScriptBuildPhase section */

/* Begin PBXSourcesBuildPhase section */
		9A2F10D81DD6EA670055B862 /* Sources */ = {
			isa = PBXSourcesBuildPhase;
			buildActionMask = 2147483647;
			files = (
				9A2F10E21DD6EA670055B862 /* ViewController.swift in Sources */,
				9A2F10E01DD6EA670055B862 /* AppDelegate.swift in Sources */,
			);
			runOnlyForDeploymentPostprocessing = 0;
		};
/* End PBXSourcesBuildPhase section */

/* Begin PBXVariantGroup section */
		9A2F10E31DD6EA670055B862 /* Main.storyboard */ = {
			isa = PBXVariantGroup;
			children = (
				9A2F10E41DD6EA670055B862 /* Base */,
			);
			name = Main.storyboard;
			sourceTree = "<group>";
		};
		9A2F10E81DD6EA670055B862 /* LaunchScreen.storyboard */ = {
			isa = PBXVariantGroup;
			children = (
				9A2F10E91DD6EA670055B862 /* Base */,
			);
			name = LaunchScreen.storyboard;
			sourceTree = "<group>";
		};
/* End PBXVariantGroup section */

/* Begin XCBuildConfiguration section */
		9A2F10EC1DD6EA670055B862 /* Debug */ = {
			isa = XCBuildConfiguration;
			buildSettings = {
				ALWAYS_SEARCH_USER_PATHS = NO;
				CLANG_ANALYZER_NONNULL = YES;
				CLANG_CXX_LANGUAGE_STANDARD = "gnu++0x";
				CLANG_CXX_LIBRARY = "libc++";
				CLANG_ENABLE_MODULES = YES;
				CLANG_ENABLE_OBJC_ARC = YES;
				CLANG_WARN_BOOL_CONVERSION = YES;
				CLANG_WARN_CONSTANT_CONVERSION = YES;
				CLANG_WARN_DIRECT_OBJC_ISA_USAGE = YES_ERROR;
				CLANG_WARN_DOCUMENTATION_COMMENTS = YES;
				CLANG_WARN_EMPTY_BODY = YES;
				CLANG_WARN_ENUM_CONVERSION = YES;
				CLANG_WARN_INFINITE_RECURSION = YES;
				CLANG_WARN_INT_CONVERSION = YES;
				CLANG_WARN_OBJC_ROOT_CLASS = YES_ERROR;
				CLANG_WARN_SUSPICIOUS_MOVES = YES;
				CLANG_WARN_UNREACHABLE_CODE = YES;
				CLANG_WARN__DUPLICATE_METHOD_MATCH = YES;
				"CODE_SIGN_IDENTITY[sdk=iphoneos*]" = "iPhone Developer";
				COPY_PHASE_STRIP = NO;
				DEBUG_INFORMATION_FORMAT = dwarf;
				ENABLE_STRICT_OBJC_MSGSEND = YES;
				ENABLE_TESTABILITY = YES;
				GCC_C_LANGUAGE_STANDARD = gnu99;
				GCC_DYNAMIC_NO_PIC = NO;
				GCC_NO_COMMON_BLOCKS = YES;
				GCC_OPTIMIZATION_LEVEL = 0;
				GCC_PREPROCESSOR_DEFINITIONS = (
					"DEBUG=1",
					"$(inherited)",
				);
				GCC_WARN_64_TO_32_BIT_CONVERSION = YES;
				GCC_WARN_ABOUT_RETURN_TYPE = YES_ERROR;
				GCC_WARN_UNDECLARED_SELECTOR = YES;
				GCC_WARN_UNINITIALIZED_AUTOS = YES_AGGRESSIVE;
				GCC_WARN_UNUSED_FUNCTION = YES;
				GCC_WARN_UNUSED_VARIABLE = YES;
				IPHONEOS_DEPLOYMENT_TARGET = 10.1;
				MTL_ENABLE_DEBUG_INFO = YES;
				ONLY_ACTIVE_ARCH = YES;
				SDKROOT = iphoneos;
				SWIFT_ACTIVE_COMPILATION_CONDITIONS = DEBUG;
				SWIFT_OPTIMIZATION_LEVEL = "-Onone";
			};
			name = Debug;
		};
		9A2F10ED1DD6EA670055B862 /* Release */ = {
			isa = XCBuildConfiguration;
			buildSettings = {
				ALWAYS_SEARCH_USER_PATHS = NO;
				CLANG_ANALYZER_NONNULL = YES;
				CLANG_CXX_LANGUAGE_STANDARD = "gnu++0x";
				CLANG_CXX_LIBRARY = "libc++";
				CLANG_ENABLE_MODULES = YES;
				CLANG_ENABLE_OBJC_ARC = YES;
				CLANG_WARN_BOOL_CONVERSION = YES;
				CLANG_WARN_CONSTANT_CONVERSION = YES;
				CLANG_WARN_DIRECT_OBJC_ISA_USAGE = YES_ERROR;
				CLANG_WARN_DOCUMENTATION_COMMENTS = YES;
				CLANG_WARN_EMPTY_BODY = YES;
				CLANG_WARN_ENUM_CONVERSION = YES;
				CLANG_WARN_INFINITE_RECURSION = YES;
				CLANG_WARN_INT_CONVERSION = YES;
				CLANG_WARN_OBJC_ROOT_CLASS = YES_ERROR;
				CLANG_WARN_SUSPICIOUS_MOVES = YES;
				CLANG_WARN_UNREACHABLE_CODE = YES;
				CLANG_WARN__DUPLICATE_METHOD_MATCH = YES;
				"CODE_SIGN_IDENTITY[sdk=iphoneos*]" = "iPhone Developer";
				COPY_PHASE_STRIP = NO;
				DEBUG_INFORMATION_FORMAT = "dwarf-with-dsym";
				ENABLE_NS_ASSERTIONS = NO;
				ENABLE_STRICT_OBJC_MSGSEND = YES;
				GCC_C_LANGUAGE_STANDARD = gnu99;
				GCC_NO_COMMON_BLOCKS = YES;
				GCC_WARN_64_TO_32_BIT_CONVERSION = YES;
				GCC_WARN_ABOUT_RETURN_TYPE = YES_ERROR;
				GCC_WARN_UNDECLARED_SELECTOR = YES;
				GCC_WARN_UNINITIALIZED_AUTOS = YES_AGGRESSIVE;
				GCC_WARN_UNUSED_FUNCTION = YES;
				GCC_WARN_UNUSED_VARIABLE = YES;
				IPHONEOS_DEPLOYMENT_TARGET = 10.1;
				MTL_ENABLE_DEBUG_INFO = NO;
				SDKROOT = iphoneos;
				SWIFT_OPTIMIZATION_LEVEL = "-Owholemodule";
				VALIDATE_PRODUCT = YES;
			};
			name = Release;
		};
		9A2F10EF1DD6EA670055B862 /* Debug */ = {
			isa = XCBuildConfiguration;
			baseConfigurationReference = 7215B034B795265D5821CFAE /* Pods-SampleChameleonFramework.debug.xcconfig */;
			buildSettings = {
				ASSETCATALOG_COMPILER_APPICON_NAME = AppIcon;
				DEVELOPMENT_TEAM = 68682W8R4T;
				INFOPLIST_FILE = SampleChameleonFramework/Info.plist;
				LD_RUNPATH_SEARCH_PATHS = "$(inherited) @executable_path/Frameworks";
				PRODUCT_BUNDLE_IDENTIFIER = jp.sample.ikkitang1211.SampleChameleonFramework;
				PRODUCT_NAME = "$(TARGET_NAME)";
				SWIFT_VERSION = 3.0;
			};
			name = Debug;
		};
		9A2F10F01DD6EA670055B862 /* Release */ = {
			isa = XCBuildConfiguration;
			baseConfigurationReference = 7FF991704281DBD7F3D4CF16 /* Pods-SampleChameleonFramework.release.xcconfig */;
			buildSettings = {
				ASSETCATALOG_COMPILER_APPICON_NAME = AppIcon;
				DEVELOPMENT_TEAM = 68682W8R4T;
				INFOPLIST_FILE = SampleChameleonFramework/Info.plist;
				LD_RUNPATH_SEARCH_PATHS = "$(inherited) @executable_path/Frameworks";
				PRODUCT_BUNDLE_IDENTIFIER = jp.sample.ikkitang1211.SampleChameleonFramework;
				PRODUCT_NAME = "$(TARGET_NAME)";
				SWIFT_VERSION = 3.0;
			};
			name = Release;
		};
/* End XCBuildConfiguration section */

/* Begin XCConfigurationList section */
		9A2F10D71DD6EA670055B862 /* Build configuration list for PBXProject "SampleChameleonFramework" */ = {
			isa = XCConfigurationList;
			buildConfigurations = (
				9A2F10EC1DD6EA670055B862 /* Debug */,
				9A2F10ED1DD6EA670055B862 /* Release */,
			);
			defaultConfigurationIsVisible = 0;
			defaultConfigurationName = Release;
		};
		9A2F10EE1DD6EA670055B862 /* Build configuration list for PBXNativeTarget "SampleChameleonFramework" */ = {
			isa = XCConfigurationList;
			buildConfigurations = (
				9A2F10EF1DD6EA670055B862 /* Debug */,
				9A2F10F01DD6EA670055B862 /* Release */,
			);
			defaultConfigurationIsVisible = 0;
		};
/* End XCConfigurationList section */
	};
	rootObject = 9A2F10D41DD6EA670055B862 /* Project object */;
}
